
Microsoft Visual Studio Solution File, Format Version 12.00
# Visual Studio Version 16
VisualStudioVersion = 16.0.31727.386
MinimumVisualStudioVersion = 10.0.40219.1
Project("{FAE04EC0-301F-11D3-BF4B-00C04F79EFBC}") = "zad1", "zad1\zad1.csproj", "{AAB89390-A9D2-4DAB-9852-9B9AD8592AD4}"
EndProject
Global
	GlobalSection(SolutionConfigurationPlatforms) = preSolution
		Debug|Any CPU = Debug|Any CPU
		Release|Any CPU = Release|Any CPU
	EndGlobalSection
	GlobalSection(ProjectConfigurationPlatforms) = postSolution
		{AAB89390-A9D2-4DAB-9852-9B9AD8592AD4}.Debug|Any CPU.ActiveCfg = Debug|Any CPU
		{AAB89390-A9D2-4DAB-9852-9B9AD8592AD4}.Debug|Any CPU.Build.0 = Debug|Any CPU
		{AAB89390-A9D2-4DAB-9852-9B9AD8592AD4}.Release|Any CPU.ActiveCfg = Release|Any CPU
		{AAB89390-A9D2-4DAB-9852-9B9AD8592AD4}.Release|Any CPU.Build.0 = Release|Any CPU
	EndGlobalSection
	GlobalSection(SolutionProperties) = preSolution
		HideSolutionNode = FALSE
	EndGlobalSection
	GlobalSection(ExtensibilityGlobals) = postSolution
		SolutionGuid = {7D0714F0-19B8-4A0F-ACC5-2EEB713C2454}
	EndGlobalSection
EndGlobal
